// !$*UTF8*$!
{
	archiveVersion = 1;
	classes = {
	};
	objectVersion = 50;
	objects = {

/* Begin PBXBuildFile section */
		EDD5332D23F4912900E506A8 /* AppDelegate.swift in Sources */ = {isa = PBXBuildFile; fileRef = EDD5332C23F4912900E506A8 /* AppDelegate.swift */; };
		EDD5332F23F4912900E506A8 /* SceneDelegate.swift in Sources */ = {isa = PBXBuildFile; fileRef = EDD5332E23F4912900E506A8 /* SceneDelegate.swift */; };
		EDD5333123F4912900E506A8 /* ViewController.swift in Sources */ = {isa = PBXBuildFile; fileRef = EDD5333023F4912900E506A8 /* ViewController.swift */; };
		EDD5333423F4912900E506A8 /* Main.storyboard in Resources */ = {isa = PBXBuildFile; fileRef = EDD5333223F4912900E506A8 /* Main.storyboard */; };
		EDD5333623F4912A00E506A8 /* Assets.xcassets in Resources */ = {isa = PBXBuildFile; fileRef = EDD5333523F4912A00E506A8 /* Assets.xcassets */; };
		EDD5333923F4912A00E506A8 /* LaunchScreen.storyboard in Resources */ = {isa = PBXBuildFile; fileRef = EDD5333723F4912A00E506A8 /* LaunchScreen.storyboard */; };
		EDD5334423F4912A00E506A8 /* BarcodesScannerTests.swift in Sources */ = {isa = PBXBuildFile; fileRef = EDD5334323F4912A00E506A8 /* BarcodesScannerTests.swift */; };
/* End PBXBuildFile section */

/* Begin PBXContainerItemProxy section */
		EDD5334023F4912A00E506A8 /* PBXContainerItemProxy */ = {
			isa = PBXContainerItemProxy;
			containerPortal = EDD5332123F4912900E506A8 /* Project object */;
			proxyType = 1;
			remoteGlobalIDString = EDD5332823F4912900E506A8;
			remoteInfo = BarcodesScanner;
		};
/* End PBXContainerItemProxy section */

/* Begin PBXFileReference section */
		EDD5332923F4912900E506A8 /* BarcodesScanner.app */ = {isa = PBXFileReference; explicitFileType = wrapper.application; includeInIndex = 0; path = BarcodesScanner.app; sourceTree = BUILT_PRODUCTS_DIR; };
		EDD5332C23F4912900E506A8 /* AppDelegate.swift */ = {isa = PBXFileReference; lastKnownFileType = sourcecode.swift; path = AppDelegate.swift; sourceTree = "<group>"; };
		EDD5332E23F4912900E506A8 /* SceneDelegate.swift */ = {isa = PBXFileReference; lastKnownFileType = sourcecode.swift; path = SceneDelegate.swift; sourceTree = "<group>"; };
		EDD5333023F4912900E506A8 /* ViewController.swift */ = {isa = PBXFileReference; lastKnownFileType = sourcecode.swift; path = ViewController.swift; sourceTree = "<group>"; };
		EDD5333323F4912900E506A8 /* Base */ = {isa = PBXFileReference; lastKnownFileType = file.storyboard; name = Base; path = Base.lproj/Main.storyboard; sourceTree = "<group>"; };
		EDD5333523F4912A00E506A8 /* Assets.xcassets */ = {isa = PBXFileReference; lastKnownFileType = folder.assetcatalog; path = Assets.xcassets; sourceTree = "<group>"; };
		EDD5333823F4912A00E506A8 /* Base */ = {isa = PBXFileReference; lastKnownFileType = file.storyboard; name = Base; path = Base.lproj/LaunchScreen.storyboard; sourceTree = "<group>"; };
		EDD5333A23F4912A00E506A8 /* Info.plist */ = {isa = PBXFileReference; lastKnownFileType = text.plist.xml; path = Info.plist; sourceTree = "<group>"; };
		EDD5333F23F4912A00E506A8 /* BarcodesScannerTests.xctest */ = {isa = PBXFileReference; explicitFileType = wrapper.cfbundle; includeInIndex = 0; path = BarcodesScannerTests.xctest; sourceTree = BUILT_PRODUCTS_DIR; };
		EDD5334323F4912A00E506A8 /* BarcodesScannerTests.swift */ = {isa = PBXFileReference; lastKnownFileType = sourcecode.swift; path = BarcodesScannerTests.swift; sourceTree = "<group>"; };
		EDD5334523F4912A00E506A8 /* Info.plist */ = {isa = PBXFileReference; lastKnownFileType = text.plist.xml; path = Info.plist; sourceTree = "<group>"; };
/* End PBXFileReference section */

/* Begin PBXFrameworksBuildPhase section */
		EDD5332623F4912900E506A8 /* Frameworks */ = {
			isa = PBXFrameworksBuildPhase;
			buildActionMask = 2147483647;
			files = (
			);
			runOnlyForDeploymentPostprocessing = 0;
		};
		EDD5333C23F4912A00E506A8 /* Frameworks */ = {
			isa = PBXFrameworksBuildPhase;
			buildActionMask = 2147483647;
			files = (
			);
			runOnlyForDeploymentPostprocessing = 0;
		};
/* End PBXFrameworksBuildPhase section */

/* Begin PBXGroup section */
		EDD5332023F4912900E506A8 = {
			isa = PBXGroup;
			children = (
				EDD5332B23F4912900E506A8 /* BarcodesScanner */,
				EDD5334223F4912A00E506A8 /* BarcodesScannerTests */,
				EDD5332A23F4912900E506A8 /* Products */,
			);
			sourceTree = "<group>";
		};
		EDD5332A23F4912900E506A8 /* Products */ = {
			isa = PBXGroup;
			children = (
				EDD5332923F4912900E506A8 /* BarcodesScanner.app */,
				EDD5333F23F4912A00E506A8 /* BarcodesScannerTests.xctest */,
			);
			name = Products;
			sourceTree = "<group>";
		};
		EDD5332B23F4912900E506A8 /* BarcodesScanner */ = {
			isa = PBXGroup;
			children = (
				EDD5332C23F4912900E506A8 /* AppDelegate.swift */,
				EDD5332E23F4912900E506A8 /* SceneDelegate.swift */,
				EDD5333023F4912900E506A8 /* ViewController.swift */,
				EDD5333223F4912900E506A8 /* Main.storyboard */,
				EDD5333523F4912A00E506A8 /* Assets.xcassets */,
				EDD5333723F4912A00E506A8 /* LaunchScreen.storyboard */,
				EDD5333A23F4912A00E506A8 /* Info.plist */,
			);
			path = BarcodesScanner;
			sourceTree = "<group>";
		};
		EDD5334223F4912A00E506A8 /* BarcodesScannerTests */ = {
			isa = PBXGroup;
			children = (
				EDD5334323F4912A00E506A8 /* BarcodesScannerTests.swift */,
				EDD5334523F4912A00E506A8 /* Info.plist */,
			);
			path = BarcodesScannerTests;
			sourceTree = "<group>";
		};
/* End PBXGroup section */

/* Begin PBXNativeTarget section */
		EDD5332823F4912900E506A8 /* BarcodesScanner */ = {
			isa = PBXNativeTarget;
			buildConfigurationList = EDD5334823F4912A00E506A8 /* Build configuration list for PBXNativeTarget "BarcodesScanner" */;
			buildPhases = (
				EDD5332523F4912900E506A8 /* Sources */,
				EDD5332623F4912900E506A8 /* Frameworks */,
				EDD5332723F4912900E506A8 /* Resources */,
			);
			buildRules = (
			);
			dependencies = (
			);
			name = BarcodesScanner;
			productName = BarcodesScanner;
			productReference = EDD5332923F4912900E506A8 /* BarcodesScanner.app */;
			productType = "com.apple.product-type.application";
		};
		EDD5333E23F4912A00E506A8 /* BarcodesScannerTests */ = {
			isa = PBXNativeTarget;
			buildConfigurationList = EDD5334B23F4912A00E506A8 /* Build configuration list for PBXNativeTarget "BarcodesScannerTests" */;
			buildPhases = (
				EDD5333B23F4912A00E506A8 /* Sources */,
				EDD5333C23F4912A00E506A8 /* Frameworks */,
				EDD5333D23F4912A00E506A8 /* Resources */,
			);
			buildRules = (
			);
			dependencies = (
				EDD5334123F4912A00E506A8 /* PBXTargetDependency */,
			);
			name = BarcodesScannerTests;
			productName = BarcodesScannerTests;
			productReference = EDD5333F23F4912A00E506A8 /* BarcodesScannerTests.xctest */;
			productType = "com.apple.product-type.bundle.unit-test";
		};
/* End PBXNativeTarget section */

/* Begin PBXProject section */
		EDD5332123F4912900E506A8 /* Project object */ = {
			isa = PBXProject;
			attributes = {
				LastSwiftUpdateCheck = 1130;
				LastUpgradeCheck = 1130;
				ORGANIZATIONNAME = "Damilola Sultan Williams";
				TargetAttributes = {
					EDD5332823F4912900E506A8 = {
						CreatedOnToolsVersion = 11.3.1;
					};
					EDD5333E23F4912A00E506A8 = {
						CreatedOnToolsVersion = 11.3.1;
						TestTargetID = EDD5332823F4912900E506A8;
					};
				};
			};
			buildConfigurationList = EDD5332423F4912900E506A8 /* Build configuration list for PBXProject "BarcodesScanner" */;
			compatibilityVersion = "Xcode 9.3";
			developmentRegion = en;
			hasScannedForEncodings = 0;
			knownRegions = (
				en,
				Base,
			);
			mainGroup = EDD5332023F4912900E506A8;
			productRefGroup = EDD5332A23F4912900E506A8 /* Products */;
			projectDirPath = "";
			projectRoot = "";
			targets = (
				EDD5332823F4912900E506A8 /* BarcodesScanner */,
				EDD5333E23F4912A00E506A8 /* BarcodesScannerTests */,
			);
		};
/* End PBXProject section */

/* Begin PBXResourcesBuildPhase section */
		EDD5332723F4912900E506A8 /* Resources */ = {
			isa = PBXResourcesBuildPhase;
			buildActionMask = 2147483647;
			files = (
				EDD5333923F4912A00E506A8 /* LaunchScreen.storyboard in Resources */,
				EDD5333623F4912A00E506A8 /* Assets.xcassets in Resources */,
				EDD5333423F4912900E506A8 /* Main.storyboard in Resources */,
			);
			runOnlyForDeploymentPostprocessing = 0;
		};
		EDD5333D23F4912A00E506A8 /* Resources */ = {
			isa = PBXResourcesBuildPhase;
			buildActionMask = 2147483647;
			files = (
			);
			runOnlyForDeploymentPostprocessing = 0;
		};
/* End PBXResourcesBuildPhase section */

/* Begin PBXSourcesBuildPhase section */
		EDD5332523F4912900E506A8 /* Sources */ = {
			isa = PBXSourcesBuildPhase;
			buildActionMask = 2147483647;
			files = (
				EDD5333123F4912900E506A8 /* ViewController.swift in Sources */,
				EDD5332D23F4912900E506A8 /* AppDelegate.swift in Sources */,
				EDD5332F23F4912900E506A8 /* SceneDelegate.swift in Sources */,
			);
			runOnlyForDeploymentPostprocessing = 0;
		};
		EDD5333B23F4912A00E506A8 /* Sources */ = {
			isa = PBXSourcesBuildPhase;
			buildActionMask = 2147483647;
			files = (
				EDD5334423F4912A00E506A8 /* BarcodesScannerTests.swift in Sources */,
			);
			runOnlyForDeploymentPostprocessing = 0;
		};
/* End PBXSourcesBuildPhase section */

/* Begin PBXTargetDependency section */
		EDD5334123F4912A00E506A8 /* PBXTargetDependency */ = {
			isa = PBXTargetDependency;
			target = EDD5332823F4912900E506A8 /* BarcodesScanner */;
			targetProxy = EDD5334023F4912A00E506A8 /* PBXContainerItemProxy */;
		};
/* End PBXTargetDependency section */

/* Begin PBXVariantGroup section */
		EDD5333223F4912900E506A8 /* Main.storyboard */ = {
			isa = PBXVariantGroup;
			children = (
				EDD5333323F4912900E506A8 /* Base */,
			);
			name = Main.storyboard;
			sourceTree = "<group>";
		};
		EDD5333723F4912A00E506A8 /* LaunchScreen.storyboard */ = {
			isa = PBXVariantGroup;
			children = (
				EDD5333823F4912A00E506A8 /* Base */,
			);
			name = LaunchScreen.storyboard;
			sourceTree = "<group>";
		};
/* End PBXVariantGroup section */

/* Begin XCBuildConfiguration section */
		EDD5334623F4912A00E506A8 /* Debug */ = {
			isa = XCBuildConfiguration;
			buildSettings = {
				ALWAYS_SEARCH_USER_PATHS = NO;
				CLANG_ANALYZER_NONNULL = YES;
				CLANG_ANALYZER_NUMBER_OBJECT_CONVERSION = YES_AGGRESSIVE;
				CLANG_CXX_LANGUAGE_STANDARD = "gnu++14";
				CLANG_CXX_LIBRARY = "libc++";
				CLANG_ENABLE_MODULES = YES;
				CLANG_ENABLE_OBJC_ARC = YES;
				CLANG_ENABLE_OBJC_WEAK = YES;
				CLANG_WARN_BLOCK_CAPTURE_AUTORELEASING = YES;
				CLANG_WARN_BOOL_CONVERSION = YES;
				CLANG_WARN_COMMA = YES;
				CLANG_WARN_CONSTANT_CONVERSION = YES;
				CLANG_WARN_DEPRECATED_OBJC_IMPLEMENTATIONS = YES;
				CLANG_WARN_DIRECT_OBJC_ISA_USAGE = YES_ERROR;
				CLANG_WARN_DOCUMENTATION_COMMENTS = YES;
				CLANG_WARN_EMPTY_BODY = YES;
				CLANG_WARN_ENUM_CONVERSION = YES;
				CLANG_WARN_INFINITE_RECURSION = YES;
				CLANG_WARN_INT_CONVERSION = YES;
				CLANG_WARN_NON_LITERAL_NULL_CONVERSION = YES;
				CLANG_WARN_OBJC_IMPLICIT_RETAIN_SELF = YES;
				CLANG_WARN_OBJC_LITERAL_CONVERSION = YES;
				CLANG_WARN_OBJC_ROOT_CLASS = YES_ERROR;
				CLANG_WARN_RANGE_LOOP_ANALYSIS = YES;
				CLANG_WARN_STRICT_PROTOTYPES = YES;
				CLANG_WARN_SUSPICIOUS_MOVE = YES;
				CLANG_WARN_UNGUARDED_AVAILABILITY = YES_AGGRESSIVE;
				CLANG_WARN_UNREACHABLE_CODE = YES;
				CLANG_WARN__DUPLICATE_METHOD_MATCH = YES;
				COPY_PHASE_STRIP = NO;
				DEBUG_INFORMATION_FORMAT = dwarf;
				ENABLE_STRICT_OBJC_MSGSEND = YES;
				ENABLE_TESTABILITY = YES;
				GCC_C_LANGUAGE_STANDARD = gnu11;
				GCC_DYNAMIC_NO_PIC = NO;
				GCC_NO_COMMON_BLOCKS = YES;
				GCC_OPTIMIZATION_LEVEL = 0;
				GCC_PREPROCESSOR_DEFINITIONS = (
					"DEBUG=1",
					"$(inherited)",
				);
				GCC_WARN_64_TO_32_BIT_CONVERSION = YES;
				GCC_WARN_ABOUT_RETURN_TYPE = YES_ERROR;
				GCC_WARN_UNDECLARED_SELECTOR = YES;
				GCC_WARN_UNINITIALIZED_AUTOS = YES_AGGRESSIVE;
				GCC_WARN_UNUSED_FUNCTION = YES;
				GCC_WARN_UNUSED_VARIABLE = YES;
				IPHONEOS_DEPLOYMENT_TARGET = 13.2;
				MTL_ENABLE_DEBUG_INFO = INCLUDE_SOURCE;
				MTL_FAST_MATH = YES;
				ONLY_ACTIVE_ARCH = YES;
				SDKROOT = iphoneos;
				SWIFT_ACTIVE_COMPILATION_CONDITIONS = DEBUG;
				SWIFT_OPTIMIZATION_LEVEL = "-Onone";
			};
			name = Debug;
		};
		EDD5334723F4912A00E506A8 /* Release */ = {
			isa = XCBuildConfiguration;
			buildSettings = {
				ALWAYS_SEARCH_USER_PATHS = NO;
				CLANG_ANALYZER_NONNULL = YES;
				CLANG_ANALYZER_NUMBER_OBJECT_CONVERSION = YES_AGGRESSIVE;
				CLANG_CXX_LANGUAGE_STANDARD = "gnu++14";
				CLANG_CXX_LIBRARY = "libc++";
				CLANG_ENABLE_MODULES = YES;
				CLANG_ENABLE_OBJC_ARC = YES;
				CLANG_ENABLE_OBJC_WEAK = YES;
				CLANG_WARN_BLOCK_CAPTURE_AUTORELEASING = YES;
				CLANG_WARN_BOOL_CONVERSION = YES;
				CLANG_WARN_COMMA = YES;
				CLANG_WARN_CONSTANT_CONVERSION = YES;
				CLANG_WARN_DEPRECATED_OBJC_IMPLEMENTATIONS = YES;
				CLANG_WARN_DIRECT_OBJC_ISA_USAGE = YES_ERROR;
				CLANG_WARN_DOCUMENTATION_COMMENTS = YES;
				CLANG_WARN_EMPTY_BODY = YES;
				CLANG_WARN_ENUM_CONVERSION = YES;
				CLANG_WARN_INFINITE_RECURSION = YES;
				CLANG_WARN_INT_CONVERSION = YES;
				CLANG_WARN_NON_LITERAL_NULL_CONVERSION = YES;
				CLANG_WARN_OBJC_IMPLICIT_RETAIN_SELF = YES;
				CLANG_WARN_OBJC_LITERAL_CONVERSION = YES;
				CLANG_WARN_OBJC_ROOT_CLASS = YES_ERROR;
				CLANG_WARN_RANGE_LOOP_ANALYSIS = YES;
				CLANG_WARN_STRICT_PROTOTYPES = YES;
				CLANG_WARN_SUSPICIOUS_MOVE = YES;
				CLANG_WARN_UNGUARDED_AVAILABILITY = YES_AGGRESSIVE;
				CLANG_WARN_UNREACHABLE_CODE = YES;
				CLANG_WARN__DUPLICATE_METHOD_MATCH = YES;
				COPY_PHASE_STRIP = NO;
				DEBUG_INFORMATION_FORMAT = "dwarf-with-dsym";
				ENABLE_NS_ASSERTIONS = NO;
				ENABLE_STRICT_OBJC_MSGSEND = YES;
				GCC_C_LANGUAGE_STANDARD = gnu11;
				GCC_NO_COMMON_BLOCKS = YES;
				GCC_WARN_64_TO_32_BIT_CONVERSION = YES;
				GCC_WARN_ABOUT_RETURN_TYPE = YES_ERROR;
				GCC_WARN_UNDECLARED_SELECTOR = YES;
				GCC_WARN_UNINITIALIZED_AUTOS = YES_AGGRESSIVE;
				GCC_WARN_UNUSED_FUNCTION = YES;
				GCC_WARN_UNUSED_VARIABLE = YES;
				IPHONEOS_DEPLOYMENT_TARGET = 13.2;
				MTL_ENABLE_DEBUG_INFO = NO;
				MTL_FAST_MATH = YES;
				SDKROOT = iphoneos;
				SWIFT_COMPILATION_MODE = wholemodule;
				SWIFT_OPTIMIZATION_LEVEL = "-O";
				VALIDATE_PRODUCT = YES;
			};
			name = Release;
		};
		EDD5334923F4912A00E506A8 /* Debug */ = {
			isa = XCBuildConfiguration;
			buildSettings = {
				ASSETCATALOG_COMPILER_APPICON_NAME = AppIcon;
				CODE_SIGN_STYLE = Automatic;
				INFOPLIST_FILE = BarcodesScanner/Info.plist;
				LD_RUNPATH_SEARCH_PATHS = (
					"$(inherited)",
					"@executable_path/Frameworks",
				);
				PRODUCT_BUNDLE_IDENTIFIER = pgbooks.com.BarcodesScanner;
				PRODUCT_NAME = "$(TARGET_NAME)";
				SWIFT_VERSION = 5.0;
				TARGETED_DEVICE_FAMILY = "1,2";
			};
			name = Debug;
		};
		EDD5334A23F4912A00E506A8 /* Release */ = {
			isa = XCBuildConfiguration;
			buildSettings = {
				ASSETCATALOG_COMPILER_APPICON_NAME = AppIcon;
				CODE_SIGN_STYLE = Automatic;
				INFOPLIST_FILE = BarcodesScanner/Info.plist;
				LD_RUNPATH_SEARCH_PATHS = (
					"$(inherited)",
					"@executable_path/Frameworks",
				);
				PRODUCT_BUNDLE_IDENTIFIER = pgbooks.com.BarcodesScanner;
				PRODUCT_NAME = "$(TARGET_NAME)";
				SWIFT_VERSION = 5.0;
				TARGETED_DEVICE_FAMILY = "1,2";
			};
			name = Release;
		};
		EDD5334C23F4912A00E506A8 /* Debug */ = {
			isa = XCBuildConfiguration;
			buildSettings = {
				ALWAYS_EMBED_SWIFT_STANDARD_LIBRARIES = YES;
				BUNDLE_LOADER = "$(TEST_HOST)";
				CODE_SIGN_STYLE = Automatic;
				INFOPLIST_FILE = BarcodesScannerTests/Info.plist;
				IPHONEOS_DEPLOYMENT_TARGET = 13.2;
				LD_RUNPATH_SEARCH_PATHS = (
					"$(inherited)",
					"@executable_path/Frameworks",
					"@loader_path/Frameworks",
				);
				PRODUCT_BUNDLE_IDENTIFIER = pgbooks.com.BarcodesScannerTests;
				PRODUCT_NAME = "$(TARGET_NAME)";
				SWIFT_VERSION = 5.0;
				TARGETED_DEVICE_FAMILY = "1,2";
				TEST_HOST = "$(BUILT_PRODUCTS_DIR)/BarcodesScanner.app/BarcodesScanner";
			};
			name = Debug;
		};
		EDD5334D23F4912A00E506A8 /* Release */ = {
			isa = XCBuildConfiguration;
			buildSettings = {
				ALWAYS_EMBED_SWIFT_STANDARD_LIBRARIES = YES;
				BUNDLE_LOADER = "$(TEST_HOST)";
				CODE_SIGN_STYLE = Automatic;
				INFOPLIST_FILE = BarcodesScannerTests/Info.plist;
				IPHONEOS_DEPLOYMENT_TARGET = 13.2;
				LD_RUNPATH_SEARCH_PATHS = (
					"$(inherited)",
					"@executable_path/Frameworks",
					"@loader_path/Frameworks",
				);
				PRODUCT_BUNDLE_IDENTIFIER = pgbooks.com.BarcodesScannerTests;
				PRODUCT_NAME = "$(TARGET_NAME)";
				SWIFT_VERSION = 5.0;
				TARGETED_DEVICE_FAMILY = "1,2";
				TEST_HOST = "$(BUILT_PRODUCTS_DIR)/BarcodesScanner.app/BarcodesScanner";
			};
			name = Release;
		};
/* End XCBuildConfiguration section */

/* Begin XCConfigurationList section */
		EDD5332423F4912900E506A8 /* Build configuration list for PBXProject "BarcodesScanner" */ = {
			isa = XCConfigurationList;
			buildConfigurations = (
				EDD5334623F4912A00E506A8 /* Debug */,
				EDD5334723F4912A00E506A8 /* Release */,
			);
			defaultConfigurationIsVisible = 0;
			defaultConfigurationName = Release;
		};
		EDD5334823F4912A00E506A8 /* Build configuration list for PBXNativeTarget "BarcodesScanner" */ = {
			isa = XCConfigurationList;
			buildConfigurations = (
				EDD5334923F4912A00E506A8 /* Debug */,
				EDD5334A23F4912A00E506A8 /* Release */,
			);
			defaultConfigurationIsVisible = 0;
			defaultConfigurationName = Release;
		};
		EDD5334B23F4912A00E506A8 /* Build configuration list for PBXNativeTarget "BarcodesScannerTests" */ = {
			isa = XCConfigurationList;
			buildConfigurations = (
				EDD5334C23F4912A00E506A8 /* Debug */,
				EDD5334D23F4912A00E506A8 /* Release */,
			);
			defaultConfigurationIsVisible = 0;
			defaultConfigurationName = Release;
		};
/* End XCConfigurationList section */
	};
	rootObject = EDD5332123F4912900E506A8 /* Project object */;
}
